
Microsoft Visual Studio Solution File, Format Version 12.00
# Visual Studio Version 16
VisualStudioVersion = 16.0.30523.141
MinimumVisualStudioVersion = 10.0.40219.1
Project("{FAE04EC0-301F-11D3-BF4B-00C04F79EFBC}") = "DaveLinkedList", "DaveLinkedList\DaveLinkedList.csproj", "{2EBA72C8-7CCA-46A0-BF54-950C64BF576D}"
EndProject
Project("{FAE04EC0-301F-11D3-BF4B-00C04F79EFBC}") = "DaveLinkedListTests", "DaveLinkedListTests\DaveLinkedListTests.csproj", "{1937AF6E-58E4-4D6A-94C9-143C569E3B4C}"
EndProject
Global
	GlobalSection(SolutionConfigurationPlatforms) = preSolution
		Debug|Any CPU = Debug|Any CPU
		Release|Any CPU = Release|Any CPU
	EndGlobalSection
	GlobalSection(ProjectConfigurationPlatforms) = postSolution
		{2EBA72C8-7CCA-46A0-BF54-950C64BF576D}.Debug|Any CPU.ActiveCfg = Debug|Any CPU
		{2EBA72C8-7CCA-46A0-BF54-950C64BF576D}.Debug|Any CPU.Build.0 = Debug|Any CPU
		{2EBA72C8-7CCA-46A0-BF54-950C64BF576D}.Release|Any CPU.ActiveCfg = Release|Any CPU
		{2EBA72C8-7CCA-46A0-BF54-950C64BF576D}.Release|Any CPU.Build.0 = Release|Any CPU
		{1937AF6E-58E4-4D6A-94C9-143C569E3B4C}.Debug|Any CPU.ActiveCfg = Debug|Any CPU
		{1937AF6E-58E4-4D6A-94C9-143C569E3B4C}.Debug|Any CPU.Build.0 = Debug|Any CPU
		{1937AF6E-58E4-4D6A-94C9-143C569E3B4C}.Release|Any CPU.ActiveCfg = Release|Any CPU
		{1937AF6E-58E4-4D6A-94C9-143C569E3B4C}.Release|Any CPU.Build.0 = Release|Any CPU
	EndGlobalSection
	GlobalSection(SolutionProperties) = preSolution
		HideSolutionNode = FALSE
	EndGlobalSection
	GlobalSection(ExtensibilityGlobals) = postSolution
		SolutionGuid = {8DC67A5F-22C8-407E-8CFC-E792347F3DF3}
	EndGlobalSection
EndGlobal
